
Microsoft Visual Studio Solution File, Format Version 12.00
# Visual Studio Version 17
VisualStudioVersion = 17.7.34031.279
MinimumVisualStudioVersion = 10.0.40219.1
Project("{FAE04EC0-301F-11D3-BF4B-00C04F79EFBC}") = "OrderName.UWP", "OrderName.UWP\OrderName.UWP.csproj", "{51B2438D-D592-426C-B0A4-61BFF911E103}"
EndProject
Project("{FAE04EC0-301F-11D3-BF4B-00C04F79EFBC}") = "OrderName.Android", "OrderName.Android\OrderName.Android.csproj", "{EAE06A69-74A0-451C-90C5-6854578AFCC8}"
EndProject
Project("{9A19103F-16F7-4668-BE54-9A1E7A4F7556}") = "OrderName", "OrderName\OrderName.csproj", "{577F0D81-0B1B-4165-990D-C9C800F8B5A6}"
EndProject
Global
	GlobalSection(SolutionConfigurationPlatforms) = preSolution
		Debug|Any CPU = Debug|Any CPU
		Debug|ARM = Debug|ARM
		Debug|iPhone = Debug|iPhone
		Debug|iPhoneSimulator = Debug|iPhoneSimulator
		Debug|x64 = Debug|x64
		Debug|x86 = Debug|x86
		Release|Any CPU = Release|Any CPU
		Release|ARM = Release|ARM
		Release|iPhone = Release|iPhone
		Release|iPhoneSimulator = Release|iPhoneSimulator
		Release|x64 = Release|x64
		Release|x86 = Release|x86
	EndGlobalSection
	GlobalSection(ProjectConfigurationPlatforms) = postSolution
		{51B2438D-D592-426C-B0A4-61BFF911E103}.Debug|Any CPU.ActiveCfg = Debug|x64
		{51B2438D-D592-426C-B0A4-61BFF911E103}.Debug|Any CPU.Build.0 = Debug|x64
		{51B2438D-D592-426C-B0A4-61BFF911E103}.Debug|Any CPU.Deploy.0 = Debug|x64
		{51B2438D-D592-426C-B0A4-61BFF911E103}.Debug|ARM.ActiveCfg = Debug|ARM
		{51B2438D-D592-426C-B0A4-61BFF911E103}.Debug|ARM.Build.0 = Debug|ARM
		{51B2438D-D592-426C-B0A4-61BFF911E103}.Debug|ARM.Deploy.0 = Debug|ARM
		{51B2438D-D592-426C-B0A4-61BFF911E103}.Debug|iPhone.ActiveCfg = Debug|x64
		{51B2438D-D592-426C-B0A4-61BFF911E103}.Debug|iPhone.Build.0 = Debug|x64
		{51B2438D-D592-426C-B0A4-61BFF911E103}.Debug|iPhone.Deploy.0 = Debug|x64
		{51B2438D-D592-426C-B0A4-61BFF911E103}.Debug|iPhoneSimulator.ActiveCfg = Debug|x64
		{51B2438D-D592-426C-B0A4-61BFF911E103}.Debug|iPhoneSimulator.Build.0 = Debug|x64
		{51B2438D-D592-426C-B0A4-61BFF911E103}.Debug|iPhoneSimulator.Deploy.0 = Debug|x64
		{51B2438D-D592-426C-B0A4-61BFF911E103}.Debug|x64.ActiveCfg = Debug|x64
		{51B2438D-D592-426C-B0A4-61BFF911E103}.Debug|x64.Build.0 = Debug|x64
		{51B2438D-D592-426C-B0A4-61BFF911E103}.Debug|x64.Deploy.0 = Debug|x64
		{51B2438D-D592-426C-B0A4-61BFF911E103}.Debug|x86.ActiveCfg = Debug|x86
		{51B2438D-D592-426C-B0A4-61BFF911E103}.Debug|x86.Build.0 = Debug|x86
		{51B2438D-D592-426C-B0A4-61BFF911E103}.Debug|x86.Deploy.0 = Debug|x86
		{51B2438D-D592-426C-B0A4-61BFF911E103}.Release|Any CPU.ActiveCfg = Release|x64
		{51B2438D-D592-426C-B0A4-61BFF911E103}.Release|Any CPU.Build.0 = Release|x64
		{51B2438D-D592-426C-B0A4-61BFF911E103}.Release|Any CPU.Deploy.0 = Release|x64
		{51B2438D-D592-426C-B0A4-61BFF911E103}.Release|ARM.ActiveCfg = Release|ARM
		{51B2438D-D592-426C-B0A4-61BFF911E103}.Release|ARM.Build.0 = Release|ARM
		{51B2438D-D592-426C-B0A4-61BFF911E103}.Release|ARM.Deploy.0 = Release|ARM
		{51B2438D-D592-426C-B0A4-61BFF911E103}.Release|iPhone.ActiveCfg = Release|x64
		{51B2438D-D592-426C-B0A4-61BFF911E103}.Release|iPhone.Build.0 = Release|x64
		{51B2438D-D592-426C-B0A4-61BFF911E103}.Release|iPhone.Deploy.0 = Release|x64
		{51B2438D-D592-426C-B0A4-61BFF911E103}.Release|iPhoneSimulator.ActiveCfg = Release|x64
		{51B2438D-D592-426C-B0A4-61BFF911E103}.Release|iPhoneSimulator.Build.0 = Release|x64
		{51B2438D-D592-426C-B0A4-61BFF911E103}.Release|iPhoneSimulator.Deploy.0 = Release|x64
		{51B2438D-D592-426C-B0A4-61BFF911E103}.Release|x64.ActiveCfg = Release|x64
		{51B2438D-D592-426C-B0A4-61BFF911E103}.Release|x64.Build.0 = Release|x64
		{51B2438D-D592-426C-B0A4-61BFF911E103}.Release|x64.Deploy.0 = Release|x64
		{51B2438D-D592-426C-B0A4-61BFF911E103}.Release|x86.ActiveCfg = Release|x86
		{51B2438D-D592-426C-B0A4-61BFF911E103}.Release|x86.Build.0 = Release|x86
		{51B2438D-D592-426C-B0A4-61BFF911E103}.Release|x86.Deploy.0 = Release|x86
		{EAE06A69-74A0-451C-90C5-6854578AFCC8}.Debug|Any CPU.ActiveCfg = Debug|Any CPU
		{EAE06A69-74A0-451C-90C5-6854578AFCC8}.Debug|Any CPU.Build.0 = Debug|Any CPU
		{EAE06A69-74A0-451C-90C5-6854578AFCC8}.Debug|Any CPU.Deploy.0 = Debug|Any CPU
		{EAE06A69-74A0-451C-90C5-6854578AFCC8}.Debug|ARM.ActiveCfg = Debug|Any CPU
		{EAE06A69-74A0-451C-90C5-6854578AFCC8}.Debug|ARM.Build.0 = Debug|Any CPU
		{EAE06A69-74A0-451C-90C5-6854578AFCC8}.Debug|ARM.Deploy.0 = Debug|Any CPU
		{EAE06A69-74A0-451C-90C5-6854578AFCC8}.Debug|iPhone.ActiveCfg = Debug|Any CPU
		{EAE06A69-74A0-451C-90C5-6854578AFCC8}.Debug|iPhone.Build.0 = Debug|Any CPU
		{EAE06A69-74A0-451C-90C5-6854578AFCC8}.Debug|iPhone.Deploy.0 = Debug|Any CPU
		{EAE06A69-74A0-451C-90C5-6854578AFCC8}.Debug|iPhoneSimulator.ActiveCfg = Debug|Any CPU
		{EAE06A69-74A0-451C-90C5-6854578AFCC8}.Debug|iPhoneSimulator.Build.0 = Debug|Any CPU
		{EAE06A69-74A0-451C-90C5-6854578AFCC8}.Debug|iPhoneSimulator.Deploy.0 = Debug|Any CPU
		{EAE06A69-74A0-451C-90C5-6854578AFCC8}.Debug|x64.ActiveCfg = Debug|Any CPU
		{EAE06A69-74A0-451C-90C5-6854578AFCC8}.Debug|x64.Build.0 = Debug|Any CPU
		{EAE06A69-74A0-451C-90C5-6854578AFCC8}.Debug|x64.Deploy.0 = Debug|Any CPU
		{EAE06A69-74A0-451C-90C5-6854578AFCC8}.Debug|x86.ActiveCfg = Debug|Any CPU
		{EAE06A69-74A0-451C-90C5-6854578AFCC8}.Debug|x86.Build.0 = Debug|Any CPU
		{EAE06A69-74A0-451C-90C5-6854578AFCC8}.Debug|x86.Deploy.0 = Debug|Any CPU
		{EAE06A69-74A0-451C-90C5-6854578AFCC8}.Release|Any CPU.ActiveCfg = Release|Any CPU
		{EAE06A69-74A0-451C-90C5-6854578AFCC8}.Release|Any CPU.Build.0 = Release|Any CPU
		{EAE06A69-74A0-451C-90C5-6854578AFCC8}.Release|Any CPU.Deploy.0 = Release|Any CPU
		{EAE06A69-74A0-451C-90C5-6854578AFCC8}.Release|ARM.ActiveCfg = Release|Any CPU
		{EAE06A69-74A0-451C-90C5-6854578AFCC8}.Release|ARM.Build.0 = Release|Any CPU
		{EAE06A69-74A0-451C-90C5-6854578AFCC8}.Release|ARM.Deploy.0 = Release|Any CPU
		{EAE06A69-74A0-451C-90C5-6854578AFCC8}.Release|iPhone.ActiveCfg = Release|Any CPU
		{EAE06A69-74A0-451C-90C5-6854578AFCC8}.Release|iPhone.Build.0 = Release|Any CPU
		{EAE06A69-74A0-451C-90C5-6854578AFCC8}.Release|iPhone.Deploy.0 = Release|Any CPU
		{EAE06A69-74A0-451C-90C5-6854578AFCC8}.Release|iPhoneSimulator.ActiveCfg = Release|Any CPU
		{EAE06A69-74A0-451C-90C5-6854578AFCC8}.Release|iPhoneSimulator.Build.0 = Release|Any CPU
		{EAE06A69-74A0-451C-90C5-6854578AFCC8}.Release|iPhoneSimulator.Deploy.0 = Release|Any CPU
		{EAE06A69-74A0-451C-90C5-6854578AFCC8}.Release|x64.ActiveCfg = Release|Any CPU
		{EAE06A69-74A0-451C-90C5-6854578AFCC8}.Release|x64.Build.0 = Release|Any CPU
		{EAE06A69-74A0-451C-90C5-6854578AFCC8}.Release|x64.Deploy.0 = Release|Any CPU
		{EAE06A69-74A0-451C-90C5-6854578AFCC8}.Release|x86.ActiveCfg = Release|Any CPU
		{EAE06A69-74A0-451C-90C5-6854578AFCC8}.Release|x86.Build.0 = Release|Any CPU
		{EAE06A69-74A0-451C-90C5-6854578AFCC8}.Release|x86.Deploy.0 = Release|Any CPU
		{577F0D81-0B1B-4165-990D-C9C800F8B5A6}.Debug|Any CPU.ActiveCfg = Debug|Any CPU
		{577F0D81-0B1B-4165-990D-C9C800F8B5A6}.Debug|Any CPU.Build.0 = Debug|Any CPU
		{577F0D81-0B1B-4165-990D-C9C800F8B5A6}.Debug|Any CPU.Deploy.0 = Debug|Any CPU
		{577F0D81-0B1B-4165-990D-C9C800F8B5A6}.Debug|ARM.ActiveCfg = Debug|Any CPU
		{577F0D81-0B1B-4165-990D-C9C800F8B5A6}.Debug|ARM.Build.0 = Debug|Any CPU
		{577F0D81-0B1B-4165-990D-C9C800F8B5A6}.Debug|ARM.Deploy.0 = Debug|Any CPU
		{577F0D81-0B1B-4165-990D-C9C800F8B5A6}.Debug|iPhone.ActiveCfg = Debug|Any CPU
		{577F0D81-0B1B-4165-990D-C9C800F8B5A6}.Debug|iPhone.Build.0 = Debug|Any CPU
		{577F0D81-0B1B-4165-990D-C9C800F8B5A6}.Debug|iPhone.Deploy.0 = Debug|Any CPU
		{577F0D81-0B1B-4165-990D-C9C800F8B5A6}.Debug|iPhoneSimulator.ActiveCfg = Debug|Any CPU
		{577F0D81-0B1B-4165-990D-C9C800F8B5A6}.Debug|iPhoneSimulator.Build.0 = Debug|Any CPU
		{577F0D81-0B1B-4165-990D-C9C800F8B5A6}.Debug|iPhoneSimulator.Deploy.0 = Debug|Any CPU
		{577F0D81-0B1B-4165-990D-C9C800F8B5A6}.Debug|x64.ActiveCfg = Debug|Any CPU
		{577F0D81-0B1B-4165-990D-C9C800F8B5A6}.Debug|x64.Build.0 = Debug|Any CPU
		{577F0D81-0B1B-4165-990D-C9C800F8B5A6}.Debug|x64.Deploy.0 = Debug|Any CPU
		{577F0D81-0B1B-4165-990D-C9C800F8B5A6}.Debug|x86.ActiveCfg = Debug|Any CPU
		{577F0D81-0B1B-4165-990D-C9C800F8B5A6}.Debug|x86.Build.0 = Debug|Any CPU
		{577F0D81-0B1B-4165-990D-C9C800F8B5A6}.Debug|x86.Deploy.0 = Debug|Any CPU
		{577F0D81-0B1B-4165-990D-C9C800F8B5A6}.Release|Any CPU.ActiveCfg = Release|Any CPU
		{577F0D81-0B1B-4165-990D-C9C800F8B5A6}.Release|Any CPU.Build.0 = Release|Any CPU
		{577F0D81-0B1B-4165-990D-C9C800F8B5A6}.Release|Any CPU.Deploy.0 = Release|Any CPU
		{577F0D81-0B1B-4165-990D-C9C800F8B5A6}.Release|ARM.ActiveCfg = Release|Any CPU
		{577F0D81-0B1B-4165-990D-C9C800F8B5A6}.Release|ARM.Build.0 = Release|Any CPU
		{577F0D81-0B1B-4165-990D-C9C800F8B5A6}.Release|ARM.Deploy.0 = Release|Any CPU
		{577F0D81-0B1B-4165-990D-C9C800F8B5A6}.Release|iPhone.ActiveCfg = Release|Any CPU
		{577F0D81-0B1B-4165-990D-C9C800F8B5A6}.Release|iPhone.Build.0 = Release|Any CPU
		{577F0D81-0B1B-4165-990D-C9C800F8B5A6}.Release|iPhone.Deploy.0 = Release|Any CPU
		{577F0D81-0B1B-4165-990D-C9C800F8B5A6}.Release|iPhoneSimulator.ActiveCfg = Release|Any CPU
		{577F0D81-0B1B-4165-990D-C9C800F8B5A6}.Release|iPhoneSimulator.Build.0 = Release|Any CPU
		{577F0D81-0B1B-4165-990D-C9C800F8B5A6}.Release|iPhoneSimulator.Deploy.0 = Release|Any CPU
		{577F0D81-0B1B-4165-990D-C9C800F8B5A6}.Release|x64.ActiveCfg = Release|Any CPU
		{577F0D81-0B1B-4165-990D-C9C800F8B5A6}.Release|x64.Build.0 = Release|Any CPU
		{577F0D81-0B1B-4165-990D-C9C800F8B5A6}.Release|x64.Deploy.0 = Release|Any CPU
		{577F0D81-0B1B-4165-990D-C9C800F8B5A6}.Release|x86.ActiveCfg = Release|Any CPU
		{577F0D81-0B1B-4165-990D-C9C800F8B5A6}.Release|x86.Build.0 = Release|Any CPU
		{577F0D81-0B1B-4165-990D-C9C800F8B5A6}.Release|x86.Deploy.0 = Release|Any CPU
	EndGlobalSection
	GlobalSection(SolutionProperties) = preSolution
		HideSolutionNode = FALSE
	EndGlobalSection
	GlobalSection(ExtensibilityGlobals) = postSolution
		SolutionGuid = {AC7A158D-7FDC-4646-8EFA-291DFB0FBC6B}
	EndGlobalSection
EndGlobal
